// !$*UTF8*$!
{
	archiveVersion = 1;
	classes = {
	};
	objectVersion = 46;
	objects = {

/* Begin PBXBuildFile section */
		0A4E14611A23CD1B0097DACD /* AppDelegate.swift in Sources */ = {isa = PBXBuildFile; fileRef = 0A4E14601A23CD1B0097DACD /* AppDelegate.swift */; };
		0A4E14631A23CD1B0097DACD /* GameScene.swift in Sources */ = {isa = PBXBuildFile; fileRef = 0A4E14621A23CD1B0097DACD /* GameScene.swift */; };
		0A4E14651A23CD1B0097DACD /* GameScene.sks in Resources */ = {isa = PBXBuildFile; fileRef = 0A4E14641A23CD1B0097DACD /* GameScene.sks */; };
		0A4E14671A23CD1B0097DACD /* Images.xcassets in Resources */ = {isa = PBXBuildFile; fileRef = 0A4E14661A23CD1B0097DACD /* Images.xcassets */; };
		0A4E146A1A23CD1B0097DACD /* MainMenu.xib in Resources */ = {isa = PBXBuildFile; fileRef = 0A4E14681A23CD1B0097DACD /* MainMenu.xib */; };
		0A4E14761A23CD1B0097DACD /* SwiftInvadersTests.swift in Sources */ = {isa = PBXBuildFile; fileRef = 0A4E14751A23CD1B0097DACD /* SwiftInvadersTests.swift */; };
		0A4E14821A23D04A0097DACD /* Enemies.atlas in Resources */ = {isa = PBXBuildFile; fileRef = 0A4E147F1A23D04A0097DACD /* Enemies.atlas */; };
		0A4E14831A23D04A0097DACD /* Lasers.atlas in Resources */ = {isa = PBXBuildFile; fileRef = 0A4E14801A23D04A0097DACD /* Lasers.atlas */; };
		0A4E14841A23D04A0097DACD /* PlayerShip.atlas in Resources */ = {isa = PBXBuildFile; fileRef = 0A4E14811A23D04A0097DACD /* PlayerShip.atlas */; };
		0A4E14871A23E1E40097DACD /* Level1.sks in Resources */ = {isa = PBXBuildFile; fileRef = 0A4E14861A23E1E40097DACD /* Level1.sks */; };
		0A4E148B1A27B8670097DACD /* Star.sks in Resources */ = {isa = PBXBuildFile; fileRef = 0A4E14891A27B8670097DACD /* Star.sks */; };
		0A4E148C1A27B8670097DACD /* spark.png in Resources */ = {isa = PBXBuildFile; fileRef = 0A4E148A1A27B8670097DACD /* spark.png */; };
/* End PBXBuildFile section */

/* Begin PBXContainerItemProxy section */
		0A4E14701A23CD1B0097DACD /* PBXContainerItemProxy */ = {
			isa = PBXContainerItemProxy;
			containerPortal = 0A4E14531A23CD1B0097DACD /* Project object */;
			proxyType = 1;
			remoteGlobalIDString = 0A4E145A1A23CD1B0097DACD;
			remoteInfo = SwiftInvaders;
		};
/* End PBXContainerItemProxy section */

/* Begin PBXFileReference section */
		0A4E145B1A23CD1B0097DACD /* SwiftInvaders.app */ = {isa = PBXFileReference; explicitFileType = wrapper.application; includeInIndex = 0; path = SwiftInvaders.app; sourceTree = BUILT_PRODUCTS_DIR; };
		0A4E145F1A23CD1B0097DACD /* Info.plist */ = {isa = PBXFileReference; lastKnownFileType = text.plist.xml; path = Info.plist; sourceTree = "<group>"; };
		0A4E14601A23CD1B0097DACD /* AppDelegate.swift */ = {isa = PBXFileReference; lastKnownFileType = sourcecode.swift; path = AppDelegate.swift; sourceTree = "<group>"; };
		0A4E14621A23CD1B0097DACD /* GameScene.swift */ = {isa = PBXFileReference; lastKnownFileType = sourcecode.swift; path = GameScene.swift; sourceTree = "<group>"; };
		0A4E14641A23CD1B0097DACD /* GameScene.sks */ = {isa = PBXFileReference; lastKnownFileType = file.sks; path = GameScene.sks; sourceTree = "<group>"; };
		0A4E14661A23CD1B0097DACD /* Images.xcassets */ = {isa = PBXFileReference; lastKnownFileType = folder.assetcatalog; path = Images.xcassets; sourceTree = "<group>"; };
		0A4E14691A23CD1B0097DACD /* Base */ = {isa = PBXFileReference; lastKnownFileType = file.xib; name = Base; path = Base.lproj/MainMenu.xib; sourceTree = "<group>"; };
		0A4E146F1A23CD1B0097DACD /* SwiftInvadersTests.xctest */ = {isa = PBXFileReference; explicitFileType = wrapper.cfbundle; includeInIndex = 0; path = SwiftInvadersTests.xctest; sourceTree = BUILT_PRODUCTS_DIR; };
		0A4E14741A23CD1B0097DACD /* Info.plist */ = {isa = PBXFileReference; lastKnownFileType = text.plist.xml; path = Info.plist; sourceTree = "<group>"; };
		0A4E14751A23CD1B0097DACD /* SwiftInvadersTests.swift */ = {isa = PBXFileReference; lastKnownFileType = sourcecode.swift; path = SwiftInvadersTests.swift; sourceTree = "<group>"; };
		0A4E147F1A23D04A0097DACD /* Enemies.atlas */ = {isa = PBXFileReference; lastKnownFileType = folder.skatlas; path = Enemies.atlas; sourceTree = "<group>"; };
		0A4E14801A23D04A0097DACD /* Lasers.atlas */ = {isa = PBXFileReference; lastKnownFileType = folder.skatlas; path = Lasers.atlas; sourceTree = "<group>"; };
		0A4E14811A23D04A0097DACD /* PlayerShip.atlas */ = {isa = PBXFileReference; lastKnownFileType = folder.skatlas; path = PlayerShip.atlas; sourceTree = "<group>"; };
		0A4E14861A23E1E40097DACD /* Level1.sks */ = {isa = PBXFileReference; lastKnownFileType = file.sks; path = Level1.sks; sourceTree = "<group>"; };
		0A4E14891A27B8670097DACD /* Star.sks */ = {isa = PBXFileReference; lastKnownFileType = file.sks; path = Star.sks; sourceTree = "<group>"; };
		0A4E148A1A27B8670097DACD /* spark.png */ = {isa = PBXFileReference; lastKnownFileType = image.png; path = spark.png; sourceTree = "<group>"; };
/* End PBXFileReference section */

/* Begin PBXFrameworksBuildPhase section */
		0A4E14581A23CD1B0097DACD /* Frameworks */ = {
			isa = PBXFrameworksBuildPhase;
			buildActionMask = 2147483647;
			files = (
			);
			runOnlyForDeploymentPostprocessing = 0;
		};
		0A4E146C1A23CD1B0097DACD /* Frameworks */ = {
			isa = PBXFrameworksBuildPhase;
			buildActionMask = 2147483647;
			files = (
			);
			runOnlyForDeploymentPostprocessing = 0;
		};
/* End PBXFrameworksBuildPhase section */

/* Begin PBXGroup section */
		0A4E14521A23CD1B0097DACD = {
			isa = PBXGroup;
			children = (
				0A4E145D1A23CD1B0097DACD /* SwiftInvaders */,
				0A4E14721A23CD1B0097DACD /* SwiftInvadersTests */,
				0A4E145C1A23CD1B0097DACD /* Products */,
			);
			sourceTree = "<group>";
		};
		0A4E145C1A23CD1B0097DACD /* Products */ = {
			isa = PBXGroup;
			children = (
				0A4E145B1A23CD1B0097DACD /* SwiftInvaders.app */,
				0A4E146F1A23CD1B0097DACD /* SwiftInvadersTests.xctest */,
			);
			name = Products;
			sourceTree = "<group>";
		};
		0A4E145D1A23CD1B0097DACD /* SwiftInvaders */ = {
			isa = PBXGroup;
			children = (
				0A4E14881A27B8480097DACD /* Particles */,
				0A4E14851A23E1CF0097DACD /* Levels */,
				0A4E147F1A23D04A0097DACD /* Enemies.atlas */,
				0A4E14801A23D04A0097DACD /* Lasers.atlas */,
				0A4E14811A23D04A0097DACD /* PlayerShip.atlas */,
				0A4E14601A23CD1B0097DACD /* AppDelegate.swift */,
				0A4E14621A23CD1B0097DACD /* GameScene.swift */,
				0A4E14641A23CD1B0097DACD /* GameScene.sks */,
				0A4E14661A23CD1B0097DACD /* Images.xcassets */,
				0A4E14681A23CD1B0097DACD /* MainMenu.xib */,
				0A4E145E1A23CD1B0097DACD /* Supporting Files */,
			);
			path = SwiftInvaders;
			sourceTree = "<group>";
		};
		0A4E145E1A23CD1B0097DACD /* Supporting Files */ = {
			isa = PBXGroup;
			children = (
				0A4E145F1A23CD1B0097DACD /* Info.plist */,
			);
			name = "Supporting Files";
			sourceTree = "<group>";
		};
		0A4E14721A23CD1B0097DACD /* SwiftInvadersTests */ = {
			isa = PBXGroup;
			children = (
				0A4E14751A23CD1B0097DACD /* SwiftInvadersTests.swift */,
				0A4E14731A23CD1B0097DACD /* Supporting Files */,
			);
			path = SwiftInvadersTests;
			sourceTree = "<group>";
		};
		0A4E14731A23CD1B0097DACD /* Supporting Files */ = {
			isa = PBXGroup;
			children = (
				0A4E14741A23CD1B0097DACD /* Info.plist */,
			);
			name = "Supporting Files";
			sourceTree = "<group>";
		};
		0A4E14851A23E1CF0097DACD /* Levels */ = {
			isa = PBXGroup;
			children = (
				0A4E14861A23E1E40097DACD /* Level1.sks */,
			);
			name = Levels;
			sourceTree = "<group>";
		};
		0A4E14881A27B8480097DACD /* Particles */ = {
			isa = PBXGroup;
			children = (
				0A4E14891A27B8670097DACD /* Star.sks */,
				0A4E148A1A27B8670097DACD /* spark.png */,
			);
			name = Particles;
			sourceTree = "<group>";
		};
/* End PBXGroup section */

/* Begin PBXNativeTarget section */
		0A4E145A1A23CD1B0097DACD /* SwiftInvaders */ = {
			isa = PBXNativeTarget;
			buildConfigurationList = 0A4E14791A23CD1B0097DACD /* Build configuration list for PBXNativeTarget "SwiftInvaders" */;
			buildPhases = (
				0A4E14571A23CD1B0097DACD /* Sources */,
				0A4E14581A23CD1B0097DACD /* Frameworks */,
				0A4E14591A23CD1B0097DACD /* Resources */,
			);
			buildRules = (
			);
			dependencies = (
			);
			name = SwiftInvaders;
			productName = SwiftInvaders;
			productReference = 0A4E145B1A23CD1B0097DACD /* SwiftInvaders.app */;
			productType = "com.apple.product-type.application";
		};
		0A4E146E1A23CD1B0097DACD /* SwiftInvadersTests */ = {
			isa = PBXNativeTarget;
			buildConfigurationList = 0A4E147C1A23CD1B0097DACD /* Build configuration list for PBXNativeTarget "SwiftInvadersTests" */;
			buildPhases = (
				0A4E146B1A23CD1B0097DACD /* Sources */,
				0A4E146C1A23CD1B0097DACD /* Frameworks */,
				0A4E146D1A23CD1B0097DACD /* Resources */,
			);
			buildRules = (
			);
			dependencies = (
				0A4E14711A23CD1B0097DACD /* PBXTargetDependency */,
			);
			name = SwiftInvadersTests;
			productName = SwiftInvadersTests;
			productReference = 0A4E146F1A23CD1B0097DACD /* SwiftInvadersTests.xctest */;
			productType = "com.apple.product-type.bundle.unit-test";
		};
/* End PBXNativeTarget section */

/* Begin PBXProject section */
		0A4E14531A23CD1B0097DACD /* Project object */ = {
			isa = PBXProject;
			attributes = {
				LastUpgradeCheck = 0610;
				ORGANIZATIONNAME = "Kevin Bungeneers";
				TargetAttributes = {
					0A4E145A1A23CD1B0097DACD = {
						CreatedOnToolsVersion = 6.1;
					};
					0A4E146E1A23CD1B0097DACD = {
						CreatedOnToolsVersion = 6.1;
						TestTargetID = 0A4E145A1A23CD1B0097DACD;
					};
				};
			};
			buildConfigurationList = 0A4E14561A23CD1B0097DACD /* Build configuration list for PBXProject "SwiftInvaders" */;
			compatibilityVersion = "Xcode 3.2";
			developmentRegion = English;
			hasScannedForEncodings = 0;
			knownRegions = (
				en,
				Base,
			);
			mainGroup = 0A4E14521A23CD1B0097DACD;
			productRefGroup = 0A4E145C1A23CD1B0097DACD /* Products */;
			projectDirPath = "";
			projectRoot = "";
			targets = (
				0A4E145A1A23CD1B0097DACD /* SwiftInvaders */,
				0A4E146E1A23CD1B0097DACD /* SwiftInvadersTests */,
			);
		};
/* End PBXProject section */

/* Begin PBXResourcesBuildPhase section */
		0A4E14591A23CD1B0097DACD /* Resources */ = {
			isa = PBXResourcesBuildPhase;
			buildActionMask = 2147483647;
			files = (
				0A4E14841A23D04A0097DACD /* PlayerShip.atlas in Resources */,
				0A4E148C1A27B8670097DACD /* spark.png in Resources */,
				0A4E148B1A27B8670097DACD /* Star.sks in Resources */,
				0A4E14651A23CD1B0097DACD /* GameScene.sks in Resources */,
				0A4E14671A23CD1B0097DACD /* Images.xcassets in Resources */,
				0A4E14831A23D04A0097DACD /* Lasers.atlas in Resources */,
				0A4E14821A23D04A0097DACD /* Enemies.atlas in Resources */,
				0A4E146A1A23CD1B0097DACD /* MainMenu.xib in Resources */,
				0A4E14871A23E1E40097DACD /* Level1.sks in Resources */,
			);
			runOnlyForDeploymentPostprocessing = 0;
		};
		0A4E146D1A23CD1B0097DACD /* Resources */ = {
			isa = PBXResourcesBuildPhase;
			buildActionMask = 2147483647;
			files = (
			);
			runOnlyForDeploymentPostprocessing = 0;
		};
/* End PBXResourcesBuildPhase section */

/* Begin PBXSourcesBuildPhase section */
		0A4E14571A23CD1B0097DACD /* Sources */ = {
			isa = PBXSourcesBuildPhase;
			buildActionMask = 2147483647;
			files = (
				0A4E14631A23CD1B0097DACD /* GameScene.swift in Sources */,
				0A4E14611A23CD1B0097DACD /* AppDelegate.swift in Sources */,
			);
			runOnlyForDeploymentPostprocessing = 0;
		};
		0A4E146B1A23CD1B0097DACD /* Sources */ = {
			isa = PBXSourcesBuildPhase;
			buildActionMask = 2147483647;
			files = (
				0A4E14761A23CD1B0097DACD /* SwiftInvadersTests.swift in Sources */,
			);
			runOnlyForDeploymentPostprocessing = 0;
		};
/* End PBXSourcesBuildPhase section */

/* Begin PBXTargetDependency section */
		0A4E14711A23CD1B0097DACD /* PBXTargetDependency */ = {
			isa = PBXTargetDependency;
			target = 0A4E145A1A23CD1B0097DACD /* SwiftInvaders */;
			targetProxy = 0A4E14701A23CD1B0097DACD /* PBXContainerItemProxy */;
		};
/* End PBXTargetDependency section */

/* Begin PBXVariantGroup section */
		0A4E14681A23CD1B0097DACD /* MainMenu.xib */ = {
			isa = PBXVariantGroup;
			children = (
				0A4E14691A23CD1B0097DACD /* Base */,
			);
			name = MainMenu.xib;
			sourceTree = "<group>";
		};
/* End PBXVariantGroup section */

/* Begin XCBuildConfiguration section */
		0A4E14771A23CD1B0097DACD /* Debug */ = {
			isa = XCBuildConfiguration;
			buildSettings = {
				ALWAYS_SEARCH_USER_PATHS = NO;
				CLANG_CXX_LANGUAGE_STANDARD = "gnu++0x";
				CLANG_CXX_LIBRARY = "libc++";
				CLANG_ENABLE_MODULES = YES;
				CLANG_ENABLE_OBJC_ARC = YES;
				CLANG_WARN_BOOL_CONVERSION = YES;
				CLANG_WARN_CONSTANT_CONVERSION = YES;
				CLANG_WARN_DIRECT_OBJC_ISA_USAGE = YES_ERROR;
				CLANG_WARN_EMPTY_BODY = YES;
				CLANG_WARN_ENUM_CONVERSION = YES;
				CLANG_WARN_INT_CONVERSION = YES;
				CLANG_WARN_OBJC_ROOT_CLASS = YES_ERROR;
				CLANG_WARN_UNREACHABLE_CODE = YES;
				CLANG_WARN__DUPLICATE_METHOD_MATCH = YES;
				CODE_SIGN_IDENTITY = "-";
				COPY_PHASE_STRIP = NO;
				ENABLE_STRICT_OBJC_MSGSEND = YES;
				GCC_C_LANGUAGE_STANDARD = gnu99;
				GCC_DYNAMIC_NO_PIC = NO;
				GCC_OPTIMIZATION_LEVEL = 0;
				GCC_PREPROCESSOR_DEFINITIONS = (
					"DEBUG=1",
					"$(inherited)",
				);
				GCC_SYMBOLS_PRIVATE_EXTERN = NO;
				GCC_WARN_64_TO_32_BIT_CONVERSION = YES;
				GCC_WARN_ABOUT_RETURN_TYPE = YES_ERROR;
				GCC_WARN_UNDECLARED_SELECTOR = YES;
				GCC_WARN_UNINITIALIZED_AUTOS = YES_AGGRESSIVE;
				GCC_WARN_UNUSED_FUNCTION = YES;
				GCC_WARN_UNUSED_VARIABLE = YES;
				MACOSX_DEPLOYMENT_TARGET = 10.10;
				MTL_ENABLE_DEBUG_INFO = YES;
				ONLY_ACTIVE_ARCH = YES;
				SDKROOT = macosx;
				SWIFT_OPTIMIZATION_LEVEL = "-Onone";
			};
			name = Debug;
		};
		0A4E14781A23CD1B0097DACD /* Release */ = {
			isa = XCBuildConfiguration;
			buildSettings = {
				ALWAYS_SEARCH_USER_PATHS = NO;
				CLANG_CXX_LANGUAGE_STANDARD = "gnu++0x";
				CLANG_CXX_LIBRARY = "libc++";
				CLANG_ENABLE_MODULES = YES;
				CLANG_ENABLE_OBJC_ARC = YES;
				CLANG_WARN_BOOL_CONVERSION = YES;
				CLANG_WARN_CONSTANT_CONVERSION = YES;
				CLANG_WARN_DIRECT_OBJC_ISA_USAGE = YES_ERROR;
				CLANG_WARN_EMPTY_BODY = YES;
				CLANG_WARN_ENUM_CONVERSION = YES;
				CLANG_WARN_INT_CONVERSION = YES;
				CLANG_WARN_OBJC_ROOT_CLASS = YES_ERROR;
				CLANG_WARN_UNREACHABLE_CODE = YES;
				CLANG_WARN__DUPLICATE_METHOD_MATCH = YES;
				CODE_SIGN_IDENTITY = "-";
				COPY_PHASE_STRIP = YES;
				DEBUG_INFORMATION_FORMAT = "dwarf-with-dsym";
				ENABLE_NS_ASSERTIONS = NO;
				ENABLE_STRICT_OBJC_MSGSEND = YES;
				GCC_C_LANGUAGE_STANDARD = gnu99;
				GCC_WARN_64_TO_32_BIT_CONVERSION = YES;
				GCC_WARN_ABOUT_RETURN_TYPE = YES_ERROR;
				GCC_WARN_UNDECLARED_SELECTOR = YES;
				GCC_WARN_UNINITIALIZED_AUTOS = YES_AGGRESSIVE;
				GCC_WARN_UNUSED_FUNCTION = YES;
				GCC_WARN_UNUSED_VARIABLE = YES;
				MACOSX_DEPLOYMENT_TARGET = 10.10;
				MTL_ENABLE_DEBUG_INFO = NO;
				SDKROOT = macosx;
			};
			name = Release;
		};
		0A4E147A1A23CD1B0097DACD /* Debug */ = {
			isa = XCBuildConfiguration;
			buildSettings = {
				ASSETCATALOG_COMPILER_APPICON_NAME = AppIcon;
				COMBINE_HIDPI_IMAGES = YES;
				INFOPLIST_FILE = SwiftInvaders/Info.plist;
				LD_RUNPATH_SEARCH_PATHS = "$(inherited) @executable_path/../Frameworks";
				PRODUCT_NAME = "$(TARGET_NAME)";
			};
			name = Debug;
		};
		0A4E147B1A23CD1B0097DACD /* Release */ = {
			isa = XCBuildConfiguration;
			buildSettings = {
				ASSETCATALOG_COMPILER_APPICON_NAME = AppIcon;
				COMBINE_HIDPI_IMAGES = YES;
				INFOPLIST_FILE = SwiftInvaders/Info.plist;
				LD_RUNPATH_SEARCH_PATHS = "$(inherited) @executable_path/../Frameworks";
				PRODUCT_NAME = "$(TARGET_NAME)";
			};
			name = Release;
		};
		0A4E147D1A23CD1B0097DACD /* Debug */ = {
			isa = XCBuildConfiguration;
			buildSettings = {
				BUNDLE_LOADER = "$(TEST_HOST)";
				COMBINE_HIDPI_IMAGES = YES;
				FRAMEWORK_SEARCH_PATHS = (
					"$(DEVELOPER_FRAMEWORKS_DIR)",
					"$(inherited)",
				);
				GCC_PREPROCESSOR_DEFINITIONS = (
					"DEBUG=1",
					"$(inherited)",
				);
				INFOPLIST_FILE = SwiftInvadersTests/Info.plist;
				LD_RUNPATH_SEARCH_PATHS = "$(inherited) @executable_path/../Frameworks @loader_path/../Frameworks";
				PRODUCT_NAME = "$(TARGET_NAME)";
				TEST_HOST = "$(BUILT_PRODUCTS_DIR)/SwiftInvaders.app/Contents/MacOS/SwiftInvaders";
			};
			name = Debug;
		};
		0A4E147E1A23CD1B0097DACD /* Release */ = {
			isa = XCBuildConfiguration;
			buildSettings = {
				BUNDLE_LOADER = "$(TEST_HOST)";
				COMBINE_HIDPI_IMAGES = YES;
				FRAMEWORK_SEARCH_PATHS = (
					"$(DEVELOPER_FRAMEWORKS_DIR)",
					"$(inherited)",
				);
				INFOPLIST_FILE = SwiftInvadersTests/Info.plist;
				LD_RUNPATH_SEARCH_PATHS = "$(inherited) @executable_path/../Frameworks @loader_path/../Frameworks";
				PRODUCT_NAME = "$(TARGET_NAME)";
				TEST_HOST = "$(BUILT_PRODUCTS_DIR)/SwiftInvaders.app/Contents/MacOS/SwiftInvaders";
			};
			name = Release;
		};
/* End XCBuildConfiguration section */

/* Begin XCConfigurationList section */
		0A4E14561A23CD1B0097DACD /* Build configuration list for PBXProject "SwiftInvaders" */ = {
			isa = XCConfigurationList;
			buildConfigurations = (
				0A4E14771A23CD1B0097DACD /* Debug */,
				0A4E14781A23CD1B0097DACD /* Release */,
			);
			defaultConfigurationIsVisible = 0;
			defaultConfigurationName = Release;
		};
		0A4E14791A23CD1B0097DACD /* Build configuration list for PBXNativeTarget "SwiftInvaders" */ = {
			isa = XCConfigurationList;
			buildConfigurations = (
				0A4E147A1A23CD1B0097DACD /* Debug */,
				0A4E147B1A23CD1B0097DACD /* Release */,
			);
			defaultConfigurationIsVisible = 0;
			defaultConfigurationName = Release;
		};
		0A4E147C1A23CD1B0097DACD /* Build configuration list for PBXNativeTarget "SwiftInvadersTests" */ = {
			isa = XCConfigurationList;
			buildConfigurations = (
				0A4E147D1A23CD1B0097DACD /* Debug */,
				0A4E147E1A23CD1B0097DACD /* Release */,
			);
			defaultConfigurationIsVisible = 0;
			defaultConfigurationName = Release;
		};
/* End XCConfigurationList section */
	};
	rootObject = 0A4E14531A23CD1B0097DACD /* Project object */;
}
